
Microsoft Visual Studio Solution File, Format Version 12.00
# Visual Studio Version 16
VisualStudioVersion = 16.0.29326.143
MinimumVisualStudioVersion = 10.0.40219.1
Project("{F184B08F-C81C-45F6-A57F-5ABD9991F28F}") = "ConsoleApp2", "ConsoleApp2\ConsoleApp2.vbproj", "{8A9864B1-0EE6-47A9-9153-46D6E948FD56}"
EndProject
Global
	GlobalSection(SolutionConfigurationPlatforms) = preSolution
		Debug|Any CPU = Debug|Any CPU
		Release|Any CPU = Release|Any CPU
	EndGlobalSection
	GlobalSection(ProjectConfigurationPlatforms) = postSolution
		{8A9864B1-0EE6-47A9-9153-46D6E948FD56}.Debug|Any CPU.ActiveCfg = Debug|Any CPU
		{8A9864B1-0EE6-47A9-9153-46D6E948FD56}.Debug|Any CPU.Build.0 = Debug|Any CPU
		{8A9864B1-0EE6-47A9-9153-46D6E948FD56}.Release|Any CPU.ActiveCfg = Release|Any CPU
		{8A9864B1-0EE6-47A9-9153-46D6E948FD56}.Release|Any CPU.Build.0 = Release|Any CPU
	EndGlobalSection
	GlobalSection(SolutionProperties) = preSolution
		HideSolutionNode = FALSE
	EndGlobalSection
	GlobalSection(ExtensibilityGlobals) = postSolution
		SolutionGuid = {F334EE41-CA8C-44AB-8950-39CD9D17C3FD}
	EndGlobalSection
EndGlobal
